
Microsoft Visual Studio Solution File, Format Version 12.00
# Visual Studio Version 17
VisualStudioVersion = 17.6.33712.159
MinimumVisualStudioVersion = 10.0.40219.1
Project("{FAE04EC0-301F-11D3-BF4B-00C04F79EFBC}") = "AndroidApp1", "AndroidApp1\AndroidApp1.csproj", "{326815E3-7601-4195-8EA0-10FDCC88E520}"
EndProject
Global
	GlobalSection(SolutionConfigurationPlatforms) = preSolution
		Debug|Any CPU = Debug|Any CPU
		Release|Any CPU = Release|Any CPU
	EndGlobalSection
	GlobalSection(ProjectConfigurationPlatforms) = postSolution
		{326815E3-7601-4195-8EA0-10FDCC88E520}.Debug|Any CPU.ActiveCfg = Debug|Any CPU
		{326815E3-7601-4195-8EA0-10FDCC88E520}.Debug|Any CPU.Build.0 = Debug|Any CPU
		{326815E3-7601-4195-8EA0-10FDCC88E520}.Debug|Any CPU.Deploy.0 = Debug|Any CPU
		{326815E3-7601-4195-8EA0-10FDCC88E520}.Release|Any CPU.ActiveCfg = Release|Any CPU
		{326815E3-7601-4195-8EA0-10FDCC88E520}.Release|Any CPU.Build.0 = Release|Any CPU
		{326815E3-7601-4195-8EA0-10FDCC88E520}.Release|Any CPU.Deploy.0 = Release|Any CPU
	EndGlobalSection
	GlobalSection(SolutionProperties) = preSolution
		HideSolutionNode = FALSE
	EndGlobalSection
	GlobalSection(ExtensibilityGlobals) = postSolution
		SolutionGuid = {D73B397D-C064-47DF-8DE1-DBBC9857E9F2}
	EndGlobalSection
EndGlobal
